{
  "version": 4,
  "terraform_version": "1.15.6",
  "serial": 39,
  "lineage": "1f25d4de-2585-bdf7-bbbe-248c8a7cb567",
  "outputs": {},
  "resources": [
    {
      "module": "module.gcs_transfer_job",
      "mode": "data",
      "type": "google_storage_transfer_project_service_account",
      "name": "transfer_sa",
      "provider": "provider[\"registry.terraform.io/hashicorp/google\"].source",
      "instances": [
        {
          "schema_version": 0,
          "attributes": {
            "email": "project-595571757154@storage-transfer-service.iam.gserviceaccount.com",
            "id": "project-595571757154@storage-transfer-service.iam.gserviceaccount.com",
            "member": "serviceAccount:project-595571757154@storage-transfer-service.iam.gserviceaccount.com",
            "project": "proud-gate-452613-i0",
            "subject_id": "107829815718648863375"
          },
          "sensitive_attributes": [],
          "identity_schema_version": 0
        }
      ]
    },
    {
      "module": "module.gcs_transfer_job",
      "mode": "managed",
      "type": "google_project_iam_member",
      "name": "transfer_sa_pubsub_editor",
      "provider": "provider[\"registry.terraform.io/hashicorp/google\"].source",
      "instances": [
        {
          "schema_version": 0,
          "attributes": {
            "condition": [],
            "etag": "BwZUC/F7db4=",
            "id": "proud-gate-452613-i0/roles/pubsub.editor/serviceAccount:project-595571757154@storage-transfer-service.iam.gserviceaccount.com",
            "member": "serviceAccount:project-595571757154@storage-transfer-service.iam.gserviceaccount.com",
            "project": "proud-gate-452613-i0",
            "role": "roles/pubsub.editor"
          },
          "sensitive_attributes": [],
          "identity_schema_version": 1,
          "identity": {
            "condition_title": null,
            "member": "serviceAccount:project-595571757154@storage-transfer-service.iam.gserviceaccount.com",
            "project": "proud-gate-452613-i0",
            "role": "roles/pubsub.editor"
          },
          "private": "bnVsbA==",
          "dependencies": [
            "module.gcs_transfer_job.data.google_storage_transfer_project_service_account.transfer_sa",
            "module.gcs_transfer_job.google_project_service.storage_transfer_api"
          ]
        }
      ]
    },
    {
      "module": "module.gcs_transfer_job",
      "mode": "managed",
      "type": "google_project_service",
      "name": "pubsub_api",
      "provider": "provider[\"registry.terraform.io/hashicorp/google\"].source",
      "instances": [
        {
          "schema_version": 0,
          "attributes": {
            "deletion_policy": "DELETE",
            "disable_dependent_services": null,
            "disable_on_destroy": false,
            "id": "proud-gate-452613-i0/pubsub.googleapis.com",
            "project": "proud-gate-452613-i0",
            "service": "pubsub.googleapis.com",
            "timeouts": null
          },
          "sensitive_attributes": [],
          "identity_schema_version": 0,
          "private": "eyJlMmJmYjczMC1lY2FhLTExZTYtOGY4OC0zNDM2M2JjN2M0YzAiOnsiY3JlYXRlIjoxMjAwMDAwMDAwMDAwLCJkZWxldGUiOjEyMDAwMDAwMDAwMDAsInJlYWQiOjYwMDAwMDAwMDAwMCwidXBkYXRlIjoxMjAwMDAwMDAwMDAwfX0="
        }
      ]
    },
    {
      "module": "module.gcs_transfer_job",
      "mode": "managed",
      "type": "google_project_service",
      "name": "storage_transfer_api",
      "provider": "provider[\"registry.terraform.io/hashicorp/google\"].source",
      "instances": [
        {
          "schema_version": 0,
          "attributes": {
            "deletion_policy": "DELETE",
            "disable_dependent_services": null,
            "disable_on_destroy": false,
            "id": "proud-gate-452613-i0/storagetransfer.googleapis.com",
            "project": "proud-gate-452613-i0",
            "service": "storagetransfer.googleapis.com",
            "timeouts": null
          },
          "sensitive_attributes": [],
          "identity_schema_version": 0,
          "private": "eyJlMmJmYjczMC1lY2FhLTExZTYtOGY4OC0zNDM2M2JjN2M0YzAiOnsiY3JlYXRlIjoxMjAwMDAwMDAwMDAwLCJkZWxldGUiOjEyMDAwMDAwMDAwMDAsInJlYWQiOjYwMDAwMDAwMDAwMCwidXBkYXRlIjoxMjAwMDAwMDAwMDAwfX0="
        }
      ]
    },
    {
      "module": "module.gcs_transfer_job",
      "mode": "managed",
      "type": "google_storage_bucket",
      "name": "destination_bucket",
      "provider": "provider[\"registry.terraform.io/hashicorp/google\"].destination",
      "instances": [
        {
          "schema_version": 4,
          "attributes": {
            "autoclass": [],
            "cors": [],
            "custom_placement_config": [],
            "default_event_based_hold": false,
            "deletion_policy": "DELETE",
            "effective_labels": {
              "goog-terraform-provisioned": "true"
            },
            "enable_object_retention": false,
            "encryption": [],
            "force_destroy": false,
            "hierarchical_namespace": [
              {
                "enabled": false
              }
            ],
            "id": "project-b-1b-cx-gcp-test",
            "ip_filter": [],
            "labels": {},
            "lifecycle_rule": [],
            "location": "US-SOUTH1",
            "logging": [],
            "name": "project-b-1b-cx-gcp-test",
            "project": "prod-workloads-test-up",
            "project_number": 683775351620,
            "public_access_prevention": "inherited",
            "requester_pays": false,
            "retention_policy": [],
            "rpo": null,
            "self_link": "https://www.googleapis.com/storage/v1/b/project-b-1b-cx-gcp-test",
            "soft_delete_policy": [
              {
                "effective_time": "2026-06-12T10:16:36.479Z",
                "retention_duration_seconds": 604800
              }
            ],
            "storage_class": "STANDARD",
            "terraform_labels": {
              "goog-terraform-provisioned": "true"
            },
            "time_created": "2026-06-12T10:16:36.479Z",
            "timeouts": null,
            "uniform_bucket_level_access": true,
            "updated": "2026-06-12T10:16:43.367Z",
            "url": "gs://project-b-1b-cx-gcp-test",
            "versioning": [],
            "website": []
          },
          "sensitive_attributes": [],
          "identity_schema_version": 1,
          "identity": {
            "name": "project-b-1b-cx-gcp-test",
            "project": "prod-workloads-test-up"
          },
          "private": "eyJlMmJmYjczMC1lY2FhLTExZTYtOGY4OC0zNDM2M2JjN2M0YzAiOnsiY3JlYXRlIjo2MDAwMDAwMDAwMDAsInJlYWQiOjI0MDAwMDAwMDAwMCwidXBkYXRlIjoyNDAwMDAwMDAwMDB9LCJzY2hlbWFfdmVyc2lvbiI6IjQifQ=="
        }
      ]
    },
    {
      "module": "module.gcs_transfer_job",
      "mode": "managed",
      "type": "google_storage_bucket",
      "name": "source_bucket",
      "provider": "provider[\"registry.terraform.io/hashicorp/google\"].source",
      "instances": [
        {
          "schema_version": 4,
          "attributes": {
            "autoclass": [],
            "cors": [],
            "custom_placement_config": [],
            "default_event_based_hold": false,
            "deletion_policy": "DELETE",
            "effective_labels": {
              "goog-terraform-provisioned": "true"
            },
            "enable_object_retention": false,
            "encryption": [],
            "force_destroy": false,
            "hierarchical_namespace": [
              {
                "enabled": false
              }
            ],
            "id": "project-a-1a-cx-gcp-test",
            "ip_filter": [],
            "labels": {},
            "lifecycle_rule": [],
            "location": "US-CENTRAL1",
            "logging": [],
            "name": "project-a-1a-cx-gcp-test",
            "project": "proud-gate-452613-i0",
            "project_number": 595571757154,
            "public_access_prevention": "inherited",
            "requester_pays": false,
            "retention_policy": [],
            "rpo": null,
            "self_link": "https://www.googleapis.com/storage/v1/b/project-a-1a-cx-gcp-test",
            "soft_delete_policy": [
              {
                "effective_time": "2026-06-12T10:16:36.186Z",
                "retention_duration_seconds": 604800
              }
            ],
            "storage_class": "STANDARD",
            "terraform_labels": {
              "goog-terraform-provisioned": "true"
            },
            "time_created": "2026-06-12T10:16:36.186Z",
            "timeouts": null,
            "uniform_bucket_level_access": true,
            "updated": "2026-06-12T10:16:41.765Z",
            "url": "gs://project-a-1a-cx-gcp-test",
            "versioning": [],
            "website": []
          },
          "sensitive_attributes": [],
          "identity_schema_version": 1,
          "identity": {
            "name": "project-a-1a-cx-gcp-test",
            "project": "proud-gate-452613-i0"
          },
          "private": "eyJlMmJmYjczMC1lY2FhLTExZTYtOGY4OC0zNDM2M2JjN2M0YzAiOnsiY3JlYXRlIjo2MDAwMDAwMDAwMDAsInJlYWQiOjI0MDAwMDAwMDAwMCwidXBkYXRlIjoyNDAwMDAwMDAwMDB9LCJzY2hlbWFfdmVyc2lvbiI6IjQifQ=="
        }
      ]
    },
    {
      "module": "module.gcs_transfer_job",
      "mode": "managed",
      "type": "google_storage_bucket_iam_member",
      "name": "destination_bucket_legacy_writer",
      "provider": "provider[\"registry.terraform.io/hashicorp/google\"].destination",
      "instances": [
        {
          "schema_version": 0,
          "attributes": {
            "bucket": "b/project-b-1b-cx-gcp-test",
            "condition": [],
            "etag": "CAM=",
            "id": "b/project-b-1b-cx-gcp-test/roles/storage.legacyBucketWriter/serviceAccount:project-595571757154@storage-transfer-service.iam.gserviceaccount.com",
            "member": "serviceAccount:project-595571757154@storage-transfer-service.iam.gserviceaccount.com",
            "role": "roles/storage.legacyBucketWriter",
            "timeouts": null
          },
          "sensitive_attributes": [],
          "identity_schema_version": 0,
          "private": "eyJlMmJmYjczMC1lY2FhLTExZTYtOGY4OC0zNDM2M2JjN2M0YzAiOnsiY3JlYXRlIjoxMjAwMDAwMDAwMDAwfX0=",
          "dependencies": [
            "module.gcs_transfer_job.data.google_storage_transfer_project_service_account.transfer_sa",
            "module.gcs_transfer_job.google_project_service.storage_transfer_api",
            "module.gcs_transfer_job.google_storage_bucket.destination_bucket"
          ]
        }
      ]
    },
    {
      "module": "module.gcs_transfer_job",
      "mode": "managed",
      "type": "google_storage_bucket_iam_member",
      "name": "destination_bucket_writer",
      "provider": "provider[\"registry.terraform.io/hashicorp/google\"].destination",
      "instances": [
        {
          "schema_version": 0,
          "attributes": {
            "bucket": "b/project-b-1b-cx-gcp-test",
            "condition": [],
            "etag": "CAM=",
            "id": "b/project-b-1b-cx-gcp-test/roles/storage.objectAdmin/serviceAccount:project-595571757154@storage-transfer-service.iam.gserviceaccount.com",
            "member": "serviceAccount:project-595571757154@storage-transfer-service.iam.gserviceaccount.com",
            "role": "roles/storage.objectAdmin",
            "timeouts": null
          },
          "sensitive_attributes": [],
          "identity_schema_version": 0,
          "private": "eyJlMmJmYjczMC1lY2FhLTExZTYtOGY4OC0zNDM2M2JjN2M0YzAiOnsiY3JlYXRlIjoxMjAwMDAwMDAwMDAwfX0=",
          "dependencies": [
            "module.gcs_transfer_job.data.google_storage_transfer_project_service_account.transfer_sa",
            "module.gcs_transfer_job.google_project_service.storage_transfer_api",
            "module.gcs_transfer_job.google_storage_bucket.destination_bucket"
          ]
        }
      ]
    },
    {
      "module": "module.gcs_transfer_job",
      "mode": "managed",
      "type": "google_storage_bucket_iam_member",
      "name": "source_bucket_legacy_reader",
      "provider": "provider[\"registry.terraform.io/hashicorp/google\"].source",
      "instances": [
        {
          "schema_version": 0,
          "attributes": {
            "bucket": "b/project-a-1a-cx-gcp-test",
            "condition": [],
            "etag": "CAM=",
            "id": "b/project-a-1a-cx-gcp-test/roles/storage.legacyBucketReader/serviceAccount:project-595571757154@storage-transfer-service.iam.gserviceaccount.com",
            "member": "serviceAccount:project-595571757154@storage-transfer-service.iam.gserviceaccount.com",
            "role": "roles/storage.legacyBucketReader",
            "timeouts": null
          },
          "sensitive_attributes": [],
          "identity_schema_version": 0,
          "private": "eyJlMmJmYjczMC1lY2FhLTExZTYtOGY4OC0zNDM2M2JjN2M0YzAiOnsiY3JlYXRlIjoxMjAwMDAwMDAwMDAwfX0=",
          "dependencies": [
            "module.gcs_transfer_job.data.google_storage_transfer_project_service_account.transfer_sa",
            "module.gcs_transfer_job.google_project_service.storage_transfer_api",
            "module.gcs_transfer_job.google_storage_bucket.source_bucket"
          ]
        }
      ]
    },
    {
      "module": "module.gcs_transfer_job",
      "mode": "managed",
      "type": "google_storage_bucket_iam_member",
      "name": "source_bucket_reader",
      "provider": "provider[\"registry.terraform.io/hashicorp/google\"].source",
      "instances": [
        {
          "schema_version": 0,
          "attributes": {
            "bucket": "b/project-a-1a-cx-gcp-test",
            "condition": [],
            "etag": "CAM=",
            "id": "b/project-a-1a-cx-gcp-test/roles/storage.objectViewer/serviceAccount:project-595571757154@storage-transfer-service.iam.gserviceaccount.com",
            "member": "serviceAccount:project-595571757154@storage-transfer-service.iam.gserviceaccount.com",
            "role": "roles/storage.objectViewer",
            "timeouts": null
          },
          "sensitive_attributes": [],
          "identity_schema_version": 0,
          "private": "eyJlMmJmYjczMC1lY2FhLTExZTYtOGY4OC0zNDM2M2JjN2M0YzAiOnsiY3JlYXRlIjoxMjAwMDAwMDAwMDAwfX0=",
          "dependencies": [
            "module.gcs_transfer_job.data.google_storage_transfer_project_service_account.transfer_sa",
            "module.gcs_transfer_job.google_project_service.storage_transfer_api",
            "module.gcs_transfer_job.google_storage_bucket.source_bucket"
          ]
        }
      ]
    }
  ],
  "check_results": null
}
